
Microsoft Visual Studio Solution File, Format Version 12.00
# Visual Studio Express 2012 for Windows Desktop
Project("{FAE04EC0-301F-11D3-BF4B-00C04F79EFBC}") = "BunnyFarm", "BunnyFarm\BunnyFarm.csproj", "{4188EABD-30EF-4069-9EE1-8CE462C2B562}"
EndProject
Project("{FAE04EC0-301F-11D3-BF4B-00C04F79EFBC}") = "BunnyFarmTests", "BunnyFarmTests\BunnyFarmTests.csproj", "{9A4BE8E5-61BA-46C7-AE09-E7579F57290C}"
EndProject
Global
	GlobalSection(SolutionConfigurationPlatforms) = preSolution
		Debug|Any CPU = Debug|Any CPU
		Release|Any CPU = Release|Any CPU
	EndGlobalSection
	GlobalSection(ProjectConfigurationPlatforms) = postSolution
		{4188EABD-30EF-4069-9EE1-8CE462C2B562}.Debug|Any CPU.ActiveCfg = Debug|Any CPU
		{4188EABD-30EF-4069-9EE1-8CE462C2B562}.Debug|Any CPU.Build.0 = Debug|Any CPU
		{4188EABD-30EF-4069-9EE1-8CE462C2B562}.Release|Any CPU.ActiveCfg = Release|Any CPU
		{4188EABD-30EF-4069-9EE1-8CE462C2B562}.Release|Any CPU.Build.0 = Release|Any CPU
		{9A4BE8E5-61BA-46C7-AE09-E7579F57290C}.Debug|Any CPU.ActiveCfg = Debug|Any CPU
		{9A4BE8E5-61BA-46C7-AE09-E7579F57290C}.Debug|Any CPU.Build.0 = Debug|Any CPU
		{9A4BE8E5-61BA-46C7-AE09-E7579F57290C}.Release|Any CPU.ActiveCfg = Release|Any CPU
		{9A4BE8E5-61BA-46C7-AE09-E7579F57290C}.Release|Any CPU.Build.0 = Release|Any CPU
	EndGlobalSection
	GlobalSection(SolutionProperties) = preSolution
		HideSolutionNode = FALSE
	EndGlobalSection
EndGlobal
